
Microsoft Visual Studio Solution File, Format Version 12.00
# Visual Studio 15
VisualStudioVersion = 15.0.27428.2027
MinimumVisualStudioVersion = 10.0.40219.1
Project("{2150E333-8FDC-42A3-9474-1A3956D46DE8}") = "testing", "testing", "{EECF96A0-DDA8-4862-9FD6-590F654907A2}"
EndProject
Project("{2150E333-8FDC-42A3-9474-1A3956D46DE8}") = "samples", "samples", "{4C74F8C2-4D48-4334-82DD-330EDC06C658}"
EndProject
Project("{2150E333-8FDC-42A3-9474-1A3956D46DE8}") = "abp", "abp", "{F001E185-ED7E-4607-90C3-334F8DED5654}"
EndProject
Project("{9A19103F-16F7-4668-BE54-9A1E7A4F7556}") = "YesSpa.Abp", "YesSpa.Abp\YesSpa.Abp.csproj", "{19112ECC-5EC2-46ED-8911-ED2E91C69B31}"
EndProject
Project("{9A19103F-16F7-4668-BE54-9A1E7A4F7556}") = "YesSpa.AbpModule.Targets", "YesSpa.AbpModule.Targets\YesSpa.AbpModule.Targets.csproj", "{DFD5BD89-5DF0-4C7E-BE81-1E2DD958D954}"
EndProject
Project("{2150E333-8FDC-42A3-9474-1A3956D46DE8}") = "aspnetcore", "aspnetcore", "{071C0803-DAA2-479F-873A-3AA6BA81C633}"
EndProject
Project("{9A19103F-16F7-4668-BE54-9A1E7A4F7556}") = "AspNetCore.ClientApp.Angular", "samples\aspnetcore\AspNetCore.ClientApp.Angular\AspNetCore.ClientApp.Angular.csproj", "{330BC483-F212-4AC9-934F-59B34F609F8B}"
EndProject
Project("{9A19103F-16F7-4668-BE54-9A1E7A4F7556}") = "AspNetCore.ClientApp.React", "samples\aspnetcore\AspNetCore.ClientApp.React\AspNetCore.ClientApp.React.csproj", "{CCBB93D0-A598-44A0-B6B4-7ED1FAA56741}"
EndProject
Project("{9A19103F-16F7-4668-BE54-9A1E7A4F7556}") = "Abp.ClientApp.Angular", "samples\abp\Abp.ClientApp.Angular\Abp.ClientApp.Angular.csproj", "{01D8BFD8-54DB-451D-878F-06BFBDE2A653}"
EndProject
Project("{9A19103F-16F7-4668-BE54-9A1E7A4F7556}") = "Abp.ClientApp.React", "samples\abp\Abp.ClientApp.React\Abp.ClientApp.React.csproj", "{32A5C686-D310-4CF4-8F6A-8B943E71542D}"
EndProject
Project("{9A19103F-16F7-4668-BE54-9A1E7A4F7556}") = "Abp.Host.Web", "samples\abp\Abp.Host.Web\Abp.Host.Web.csproj", "{46687764-CD38-4550-AD02-3B0549F4561E}"
EndProject
Project("{9A19103F-16F7-4668-BE54-9A1E7A4F7556}") = "AspNetCore.Host.Web", "samples\aspnetcore\AspNetCore.Host.Web\AspNetCore.Host.Web.csproj", "{DCD24189-6638-474A-AB58-89DCFDB3B98C}"
EndProject
Project("{9A19103F-16F7-4668-BE54-9A1E7A4F7556}") = "YesSpa.Client.Targets", "YesSpa.Client.Targets\YesSpa.Client.Targets.csproj", "{08EE2660-E974-474D-8028-FB3BA48DBAE6}"
EndProject
Project("{9A19103F-16F7-4668-BE54-9A1E7A4F7556}") = "YesSpa.AspNetCore", "YesSpa.AspNetCore\YesSpa.AspNetCore.csproj", "{0752FEC7-BB57-4E19-BEAA-CD7AF58A8875}"
EndProject
Project("{9A19103F-16F7-4668-BE54-9A1E7A4F7556}") = "YesSpa.Common", "YesSpa.Common\YesSpa.Common.csproj", "{EDDBC46C-BCF3-425C-9233-ED43F37A72CB}"
EndProject
Global
	GlobalSection(SolutionConfigurationPlatforms) = preSolution
		Debug|Any CPU = Debug|Any CPU
		Release|Any CPU = Release|Any CPU
	EndGlobalSection
	GlobalSection(ProjectConfigurationPlatforms) = postSolution
		{19112ECC-5EC2-46ED-8911-ED2E91C69B31}.Debug|Any CPU.ActiveCfg = Debug|Any CPU
		{19112ECC-5EC2-46ED-8911-ED2E91C69B31}.Debug|Any CPU.Build.0 = Debug|Any CPU
		{19112ECC-5EC2-46ED-8911-ED2E91C69B31}.Release|Any CPU.ActiveCfg = Release|Any CPU
		{19112ECC-5EC2-46ED-8911-ED2E91C69B31}.Release|Any CPU.Build.0 = Release|Any CPU
		{DFD5BD89-5DF0-4C7E-BE81-1E2DD958D954}.Debug|Any CPU.ActiveCfg = Debug|Any CPU
		{DFD5BD89-5DF0-4C7E-BE81-1E2DD958D954}.Debug|Any CPU.Build.0 = Debug|Any CPU
		{DFD5BD89-5DF0-4C7E-BE81-1E2DD958D954}.Release|Any CPU.ActiveCfg = Release|Any CPU
		{DFD5BD89-5DF0-4C7E-BE81-1E2DD958D954}.Release|Any CPU.Build.0 = Release|Any CPU
		{330BC483-F212-4AC9-934F-59B34F609F8B}.Debug|Any CPU.ActiveCfg = Debug|Any CPU
		{330BC483-F212-4AC9-934F-59B34F609F8B}.Debug|Any CPU.Build.0 = Debug|Any CPU
		{330BC483-F212-4AC9-934F-59B34F609F8B}.Release|Any CPU.ActiveCfg = Release|Any CPU
		{330BC483-F212-4AC9-934F-59B34F609F8B}.Release|Any CPU.Build.0 = Release|Any CPU
		{CCBB93D0-A598-44A0-B6B4-7ED1FAA56741}.Debug|Any CPU.ActiveCfg = Debug|Any CPU
		{CCBB93D0-A598-44A0-B6B4-7ED1FAA56741}.Debug|Any CPU.Build.0 = Debug|Any CPU
		{CCBB93D0-A598-44A0-B6B4-7ED1FAA56741}.Release|Any CPU.ActiveCfg = Release|Any CPU
		{CCBB93D0-A598-44A0-B6B4-7ED1FAA56741}.Release|Any CPU.Build.0 = Release|Any CPU
		{01D8BFD8-54DB-451D-878F-06BFBDE2A653}.Debug|Any CPU.ActiveCfg = Debug|Any CPU
		{01D8BFD8-54DB-451D-878F-06BFBDE2A653}.Debug|Any CPU.Build.0 = Debug|Any CPU
		{01D8BFD8-54DB-451D-878F-06BFBDE2A653}.Release|Any CPU.ActiveCfg = Release|Any CPU
		{01D8BFD8-54DB-451D-878F-06BFBDE2A653}.Release|Any CPU.Build.0 = Release|Any CPU
		{32A5C686-D310-4CF4-8F6A-8B943E71542D}.Debug|Any CPU.ActiveCfg = Debug|Any CPU
		{32A5C686-D310-4CF4-8F6A-8B943E71542D}.Debug|Any CPU.Build.0 = Debug|Any CPU
		{32A5C686-D310-4CF4-8F6A-8B943E71542D}.Release|Any CPU.ActiveCfg = Release|Any CPU
		{32A5C686-D310-4CF4-8F6A-8B943E71542D}.Release|Any CPU.Build.0 = Release|Any CPU
		{46687764-CD38-4550-AD02-3B0549F4561E}.Debug|Any CPU.ActiveCfg = Debug|Any CPU
		{46687764-CD38-4550-AD02-3B0549F4561E}.Debug|Any CPU.Build.0 = Debug|Any CPU
		{46687764-CD38-4550-AD02-3B0549F4561E}.Release|Any CPU.ActiveCfg = Release|Any CPU
		{46687764-CD38-4550-AD02-3B0549F4561E}.Release|Any CPU.Build.0 = Release|Any CPU
		{DCD24189-6638-474A-AB58-89DCFDB3B98C}.Debug|Any CPU.ActiveCfg = Debug|Any CPU
		{DCD24189-6638-474A-AB58-89DCFDB3B98C}.Debug|Any CPU.Build.0 = Debug|Any CPU
		{DCD24189-6638-474A-AB58-89DCFDB3B98C}.Release|Any CPU.ActiveCfg = Release|Any CPU
		{DCD24189-6638-474A-AB58-89DCFDB3B98C}.Release|Any CPU.Build.0 = Release|Any CPU
		{08EE2660-E974-474D-8028-FB3BA48DBAE6}.Debug|Any CPU.ActiveCfg = Debug|Any CPU
		{08EE2660-E974-474D-8028-FB3BA48DBAE6}.Debug|Any CPU.Build.0 = Debug|Any CPU
		{08EE2660-E974-474D-8028-FB3BA48DBAE6}.Release|Any CPU.ActiveCfg = Release|Any CPU
		{08EE2660-E974-474D-8028-FB3BA48DBAE6}.Release|Any CPU.Build.0 = Release|Any CPU
		{0752FEC7-BB57-4E19-BEAA-CD7AF58A8875}.Debug|Any CPU.ActiveCfg = Debug|Any CPU
		{0752FEC7-BB57-4E19-BEAA-CD7AF58A8875}.Debug|Any CPU.Build.0 = Debug|Any CPU
		{0752FEC7-BB57-4E19-BEAA-CD7AF58A8875}.Release|Any CPU.ActiveCfg = Release|Any CPU
		{0752FEC7-BB57-4E19-BEAA-CD7AF58A8875}.Release|Any CPU.Build.0 = Release|Any CPU
		{EDDBC46C-BCF3-425C-9233-ED43F37A72CB}.Debug|Any CPU.ActiveCfg = Debug|Any CPU
		{EDDBC46C-BCF3-425C-9233-ED43F37A72CB}.Debug|Any CPU.Build.0 = Debug|Any CPU
		{EDDBC46C-BCF3-425C-9233-ED43F37A72CB}.Release|Any CPU.ActiveCfg = Release|Any CPU
		{EDDBC46C-BCF3-425C-9233-ED43F37A72CB}.Release|Any CPU.Build.0 = Release|Any CPU
	EndGlobalSection
	GlobalSection(SolutionProperties) = preSolution
		HideSolutionNode = FALSE
	EndGlobalSection
	GlobalSection(NestedProjects) = preSolution
		{F001E185-ED7E-4607-90C3-334F8DED5654} = {4C74F8C2-4D48-4334-82DD-330EDC06C658}
		{071C0803-DAA2-479F-873A-3AA6BA81C633} = {4C74F8C2-4D48-4334-82DD-330EDC06C658}
		{330BC483-F212-4AC9-934F-59B34F609F8B} = {071C0803-DAA2-479F-873A-3AA6BA81C633}
		{CCBB93D0-A598-44A0-B6B4-7ED1FAA56741} = {071C0803-DAA2-479F-873A-3AA6BA81C633}
		{01D8BFD8-54DB-451D-878F-06BFBDE2A653} = {F001E185-ED7E-4607-90C3-334F8DED5654}
		{32A5C686-D310-4CF4-8F6A-8B943E71542D} = {F001E185-ED7E-4607-90C3-334F8DED5654}
		{46687764-CD38-4550-AD02-3B0549F4561E} = {F001E185-ED7E-4607-90C3-334F8DED5654}
		{DCD24189-6638-474A-AB58-89DCFDB3B98C} = {071C0803-DAA2-479F-873A-3AA6BA81C633}
	EndGlobalSection
	GlobalSection(ExtensibilityGlobals) = postSolution
		SolutionGuid = {5F66EBCF-AD86-4814-8A23-A0EB134651EE}
	EndGlobalSection
EndGlobal
